
Microsoft Visual Studio Solution File, Format Version 12.00
# Visual Studio Version 17
VisualStudioVersion = 17.14.36221.1 d17.14
MinimumVisualStudioVersion = 10.0.40219.1
Project("{FAE04EC0-301F-11D3-BF4B-00C04F79EFBC}") = "college-project", "college-project\college-project.csproj", "{8AB34546-98B7-4A9E-8F04-D1F465EB5F57}"
EndProject
Global
	GlobalSection(SolutionConfigurationPlatforms) = preSolution
		Debug|Any CPU = Debug|Any CPU
		Release|Any CPU = Release|Any CPU
	EndGlobalSection
	GlobalSection(ProjectConfigurationPlatforms) = postSolution
		{8AB34546-98B7-4A9E-8F04-D1F465EB5F57}.Debug|Any CPU.ActiveCfg = Debug|Any CPU
		{8AB34546-98B7-4A9E-8F04-D1F465EB5F57}.Debug|Any CPU.Build.0 = Debug|Any CPU
		{8AB34546-98B7-4A9E-8F04-D1F465EB5F57}.Release|Any CPU.ActiveCfg = Release|Any CPU
		{8AB34546-98B7-4A9E-8F04-D1F465EB5F57}.Release|Any CPU.Build.0 = Release|Any CPU
	EndGlobalSection
	GlobalSection(SolutionProperties) = preSolution
		HideSolutionNode = FALSE
	EndGlobalSection
	GlobalSection(ExtensibilityGlobals) = postSolution
		SolutionGuid = {B9C59D5F-D13D-471B-8DC0-0B813895C61A}
	EndGlobalSection
EndGlobal
